
Microsoft Visual Studio Solution File, Format Version 12.00
# Visual Studio Version 17
VisualStudioVersion = 17.5.002.0
MinimumVisualStudioVersion = 10.0.40219.1
Project("{9A19103F-16F7-4668-BE54-9A1E7A4F7556}") = "Final", "Final\Final.csproj", "{291CAF2B-89B0-4404-9654-F2253EAC9A12}"
EndProject
Project("{9A19103F-16F7-4668-BE54-9A1E7A4F7556}") = "Starter", "Starter\Starter.csproj", "{CD46999E-0B1F-4930-93F6-78D1F5CF000F}"
EndProject
Global
	GlobalSection(SolutionConfigurationPlatforms) = preSolution
		Debug|Any CPU = Debug|Any CPU
		Release|Any CPU = Release|Any CPU
	EndGlobalSection
	GlobalSection(ProjectConfigurationPlatforms) = postSolution
		{291CAF2B-89B0-4404-9654-F2253EAC9A12}.Debug|Any CPU.ActiveCfg = Debug|Any CPU
		{291CAF2B-89B0-4404-9654-F2253EAC9A12}.Debug|Any CPU.Build.0 = Debug|Any CPU
		{291CAF2B-89B0-4404-9654-F2253EAC9A12}.Release|Any CPU.ActiveCfg = Release|Any CPU
		{291CAF2B-89B0-4404-9654-F2253EAC9A12}.Release|Any CPU.Build.0 = Release|Any CPU
		{CD46999E-0B1F-4930-93F6-78D1F5CF000F}.Debug|Any CPU.ActiveCfg = Debug|Any CPU
		{CD46999E-0B1F-4930-93F6-78D1F5CF000F}.Debug|Any CPU.Build.0 = Debug|Any CPU
		{CD46999E-0B1F-4930-93F6-78D1F5CF000F}.Release|Any CPU.ActiveCfg = Release|Any CPU
		{CD46999E-0B1F-4930-93F6-78D1F5CF000F}.Release|Any CPU.Build.0 = Release|Any CPU
	EndGlobalSection
	GlobalSection(SolutionProperties) = preSolution
		HideSolutionNode = FALSE
	EndGlobalSection
	GlobalSection(ExtensibilityGlobals) = postSolution
		SolutionGuid = {21B6CDAD-2D58-4C43-8628-98FBCA87101B}
	EndGlobalSection
EndGlobal
