
Microsoft Visual Studio Solution File, Format Version 12.00
# Visual Studio Version 17
VisualStudioVersion = 17.5.002.0
MinimumVisualStudioVersion = 10.0.40219.1
Project("{9A19103F-16F7-4668-BE54-9A1E7A4F7556}") = "Guided project - Plan a Petting Zoo Visit", "Guided project - Plan a Petting Zoo Visit.csproj", "{2C450485-1A3B-4FB8-91B4-16C2322A35A9}"
EndProject
Global
	GlobalSection(SolutionConfigurationPlatforms) = preSolution
		Debug|Any CPU = Debug|Any CPU
		Release|Any CPU = Release|Any CPU
	EndGlobalSection
	GlobalSection(ProjectConfigurationPlatforms) = postSolution
		{2C450485-1A3B-4FB8-91B4-16C2322A35A9}.Debug|Any CPU.ActiveCfg = Debug|Any CPU
		{2C450485-1A3B-4FB8-91B4-16C2322A35A9}.Debug|Any CPU.Build.0 = Debug|Any CPU
		{2C450485-1A3B-4FB8-91B4-16C2322A35A9}.Release|Any CPU.ActiveCfg = Release|Any CPU
		{2C450485-1A3B-4FB8-91B4-16C2322A35A9}.Release|Any CPU.Build.0 = Release|Any CPU
	EndGlobalSection
	GlobalSection(SolutionProperties) = preSolution
		HideSolutionNode = FALSE
	EndGlobalSection
	GlobalSection(ExtensibilityGlobals) = postSolution
		SolutionGuid = {CF216BF6-8E9C-40F0-AA26-7D41455507D4}
	EndGlobalSection
EndGlobal
